
Microsoft Visual Studio Solution File, Format Version 12.00
# Visual Studio Version 16
VisualStudioVersion = 16.0.31410.357
MinimumVisualStudioVersion = 10.0.40219.1
Project("{8BC9CEB8-8B4A-11D0-8D11-00A0C91BC942}") = "TrabalhoFinalAED1", "TrabalhoFinalAED1\TrabalhoFinalAED1.vcxproj", "{483E3C96-EC0C-43D6-8A5B-6C179DC809F4}"
EndProject
Global
	GlobalSection(SolutionConfigurationPlatforms) = preSolution
		Debug|x64 = Debug|x64
		Debug|x86 = Debug|x86
		Release|x64 = Release|x64
		Release|x86 = Release|x86
	EndGlobalSection
	GlobalSection(ProjectConfigurationPlatforms) = postSolution
		{483E3C96-EC0C-43D6-8A5B-6C179DC809F4}.Debug|x64.ActiveCfg = Debug|x64
		{483E3C96-EC0C-43D6-8A5B-6C179DC809F4}.Debug|x64.Build.0 = Debug|x64
		{483E3C96-EC0C-43D6-8A5B-6C179DC809F4}.Debug|x86.ActiveCfg = Debug|Win32
		{483E3C96-EC0C-43D6-8A5B-6C179DC809F4}.Debug|x86.Build.0 = Debug|Win32
		{483E3C96-EC0C-43D6-8A5B-6C179DC809F4}.Release|x64.ActiveCfg = Release|x64
		{483E3C96-EC0C-43D6-8A5B-6C179DC809F4}.Release|x64.Build.0 = Release|x64
		{483E3C96-EC0C-43D6-8A5B-6C179DC809F4}.Release|x86.ActiveCfg = Release|Win32
		{483E3C96-EC0C-43D6-8A5B-6C179DC809F4}.Release|x86.Build.0 = Release|Win32
	EndGlobalSection
	GlobalSection(SolutionProperties) = preSolution
		HideSolutionNode = FALSE
	EndGlobalSection
	GlobalSection(ExtensibilityGlobals) = postSolution
		SolutionGuid = {7C25E06E-E7F6-48F9-8AF4-A41F477ED5D8}
	EndGlobalSection
EndGlobal
